
Microsoft Visual Studio Solution File, Format Version 12.00
# Visual Studio 14
VisualStudioVersion = 14.0.24720.0
MinimumVisualStudioVersion = 10.0.40219.1
Project("{FAE04EC0-301F-11D3-BF4B-00C04F79EFBC}") = "NewsCollection.Plugin.CollectNewsByRegex", "NewsCollection.Plugin.CollectNewsByRegex\NewsCollection.Plugin.CollectNewsByRegex.csproj", "{339C6D60-D19E-46A5-959D-DDAE2C607BD6}"
EndProject
Project("{FAE04EC0-301F-11D3-BF4B-00C04F79EFBC}") = "NewsCollection.Plugin.Test", "NewsCollection.Plugin.Test\NewsCollection.Plugin.Test.csproj", "{9AB8FABC-C24D-4F35-83FB-0E11CF3948D3}"
EndProject
Global
	GlobalSection(SolutionConfigurationPlatforms) = preSolution
		Debug|Any CPU = Debug|Any CPU
		Release|Any CPU = Release|Any CPU
	EndGlobalSection
	GlobalSection(ProjectConfigurationPlatforms) = postSolution
		{339C6D60-D19E-46A5-959D-DDAE2C607BD6}.Debug|Any CPU.ActiveCfg = Debug|Any CPU
		{339C6D60-D19E-46A5-959D-DDAE2C607BD6}.Debug|Any CPU.Build.0 = Debug|Any CPU
		{339C6D60-D19E-46A5-959D-DDAE2C607BD6}.Release|Any CPU.ActiveCfg = Release|Any CPU
		{339C6D60-D19E-46A5-959D-DDAE2C607BD6}.Release|Any CPU.Build.0 = Release|Any CPU
		{9AB8FABC-C24D-4F35-83FB-0E11CF3948D3}.Debug|Any CPU.ActiveCfg = Debug|Any CPU
		{9AB8FABC-C24D-4F35-83FB-0E11CF3948D3}.Debug|Any CPU.Build.0 = Debug|Any CPU
		{9AB8FABC-C24D-4F35-83FB-0E11CF3948D3}.Release|Any CPU.ActiveCfg = Release|Any CPU
		{9AB8FABC-C24D-4F35-83FB-0E11CF3948D3}.Release|Any CPU.Build.0 = Release|Any CPU
	EndGlobalSection
	GlobalSection(SolutionProperties) = preSolution
		HideSolutionNode = FALSE
	EndGlobalSection
EndGlobal
